
Microsoft Visual Studio Solution File, Format Version 12.00
# Visual Studio 15
VisualStudioVersion = 15.0.27428.2037
MinimumVisualStudioVersion = 10.0.40219.1
Project("{8BC9CEB8-8B4A-11D0-8D11-00A0C91BC942}") = "ExtIO_RSP_TCP", "ExtIO_RSP_TCP.vcxproj", "{2F5638BD-6CEB-41F8-8ADF-BB270180EADE}"
EndProject
Global
	GlobalSection(SolutionConfigurationPlatforms) = preSolution
		Debug|x64 = Debug|x64
		Debug|x86 = Debug|x86
		Release|x64 = Release|x64
		Release|x86 = Release|x86
	EndGlobalSection
	GlobalSection(ProjectConfigurationPlatforms) = postSolution
		{2F5638BD-6CEB-41F8-8ADF-BB270180EADE}.Debug|x64.ActiveCfg = Debug|x64
		{2F5638BD-6CEB-41F8-8ADF-BB270180EADE}.Debug|x64.Build.0 = Debug|x64
		{2F5638BD-6CEB-41F8-8ADF-BB270180EADE}.Debug|x86.ActiveCfg = Debug|Win32
		{2F5638BD-6CEB-41F8-8ADF-BB270180EADE}.Debug|x86.Build.0 = Debug|Win32
		{2F5638BD-6CEB-41F8-8ADF-BB270180EADE}.Release|x64.ActiveCfg = Release|x64
		{2F5638BD-6CEB-41F8-8ADF-BB270180EADE}.Release|x64.Build.0 = Release|x64
		{2F5638BD-6CEB-41F8-8ADF-BB270180EADE}.Release|x86.ActiveCfg = Release|Win32
		{2F5638BD-6CEB-41F8-8ADF-BB270180EADE}.Release|x86.Build.0 = Release|Win32
	EndGlobalSection
	GlobalSection(SolutionProperties) = preSolution
		HideSolutionNode = FALSE
	EndGlobalSection
	GlobalSection(ExtensibilityGlobals) = postSolution
		SolutionGuid = {7E6A52AF-142D-4DF4-B7DC-6BFBD74BE7EA}
	EndGlobalSection
EndGlobal
